post:
  tags:
    - Conference
  operationId: unlockConferenceRoom
  summary: Unlock conference room
  description: |
    Unlock conference room by it's unique ID.
  parameters:
    - name: id
      in: path
      required: true
      schema:
        $ref: "../components/schemas/confroom.yaml#/id"
      description: The unique ID of the conference room.
  responses:
    "200":
      description: OK
    "4XX":
      description: Error
